
Microsoft Visual Studio Solution File, Format Version 12.00
# Visual Studio Version 17
VisualStudioVersion = 17.4.33205.214
MinimumVisualStudioVersion = 10.0.40219.1
Project("{9A19103F-16F7-4668-BE54-9A1E7A4F7556}") = "PhuongNH_SE150997_BikeShop", "PhuongNH_SE150997_BikeShop\PhuongNH_SE150997_BikeShop.csproj", "{BFB95253-3366-4754-A1CE-62539CAE7C5D}"
EndProject
Global
	GlobalSection(SolutionConfigurationPlatforms) = preSolution
		Debug|Any CPU = Debug|Any CPU
		Release|Any CPU = Release|Any CPU
	EndGlobalSection
	GlobalSection(ProjectConfigurationPlatforms) = postSolution
		{BFB95253-3366-4754-A1CE-62539CAE7C5D}.Debug|Any CPU.ActiveCfg = Debug|Any CPU
		{BFB95253-3366-4754-A1CE-62539CAE7C5D}.Debug|Any CPU.Build.0 = Debug|Any CPU
		{BFB95253-3366-4754-A1CE-62539CAE7C5D}.Release|Any CPU.ActiveCfg = Release|Any CPU
		{BFB95253-3366-4754-A1CE-62539CAE7C5D}.Release|Any CPU.Build.0 = Release|Any CPU
	EndGlobalSection
	GlobalSection(SolutionProperties) = preSolution
		HideSolutionNode = FALSE
	EndGlobalSection
	GlobalSection(ExtensibilityGlobals) = postSolution
		SolutionGuid = {A376482F-7FB8-4D7A-857A-028EA2439C0B}
	EndGlobalSection
EndGlobal
